
Microsoft Visual Studio Solution File, Format Version 12.00
# Visual Studio Version 17
VisualStudioVersion = 17.10.35004.147
MinimumVisualStudioVersion = 10.0.40219.1
Project("{9A19103F-16F7-4668-BE54-9A1E7A4F7556}") = "BulkyWeb", "BulkyWeb\BulkyWeb.csproj", "{4ABC7005-5AF6-4A73-84BF-2A440C7275CD}"
EndProject
Project("{FAE04EC0-301F-11D3-BF4B-00C04F79EFBC}") = "BuilkyWebRazor_Temp", "BuilkyWebRazor_Temp\BuilkyWebRazor_Temp.csproj", "{0138A0BD-A9CD-4586-B8C8-723F439C247C}"
EndProject
Global
	GlobalSection(SolutionConfigurationPlatforms) = preSolution
		Debug|Any CPU = Debug|Any CPU
		Release|Any CPU = Release|Any CPU
	EndGlobalSection
	GlobalSection(ProjectConfigurationPlatforms) = postSolution
		{4ABC7005-5AF6-4A73-84BF-2A440C7275CD}.Debug|Any CPU.ActiveCfg = Debug|Any CPU
		{4ABC7005-5AF6-4A73-84BF-2A440C7275CD}.Debug|Any CPU.Build.0 = Debug|Any CPU
		{4ABC7005-5AF6-4A73-84BF-2A440C7275CD}.Release|Any CPU.ActiveCfg = Release|Any CPU
		{4ABC7005-5AF6-4A73-84BF-2A440C7275CD}.Release|Any CPU.Build.0 = Release|Any CPU
		{0138A0BD-A9CD-4586-B8C8-723F439C247C}.Debug|Any CPU.ActiveCfg = Debug|Any CPU
		{0138A0BD-A9CD-4586-B8C8-723F439C247C}.Debug|Any CPU.Build.0 = Debug|Any CPU
		{0138A0BD-A9CD-4586-B8C8-723F439C247C}.Release|Any CPU.ActiveCfg = Release|Any CPU
		{0138A0BD-A9CD-4586-B8C8-723F439C247C}.Release|Any CPU.Build.0 = Release|Any CPU
	EndGlobalSection
	GlobalSection(SolutionProperties) = preSolution
		HideSolutionNode = FALSE
	EndGlobalSection
	GlobalSection(ExtensibilityGlobals) = postSolution
		SolutionGuid = {371D562E-51C7-4ED3-B928-0F5AC2C9765F}
	EndGlobalSection
EndGlobal
